
Microsoft Visual Studio Solution File, Format Version 12.00
# Visual Studio Version 17
VisualStudioVersion = 17.5.33627.172
MinimumVisualStudioVersion = 10.0.40219.1
Project("{FAE04EC0-301F-11D3-BF4B-00C04F79EFBC}") = "Ska4ivanie fyles and musics", "Ska4ivanie fyles and musics\Ska4ivanie fyles and musics.csproj", "{C6051B23-61B1-427B-831A-AF15C5719DD1}"
EndProject
Global
	GlobalSection(SolutionConfigurationPlatforms) = preSolution
		Debug|Any CPU = Debug|Any CPU
		Release|Any CPU = Release|Any CPU
	EndGlobalSection
	GlobalSection(ProjectConfigurationPlatforms) = postSolution
		{C6051B23-61B1-427B-831A-AF15C5719DD1}.Debug|Any CPU.ActiveCfg = Debug|Any CPU
		{C6051B23-61B1-427B-831A-AF15C5719DD1}.Debug|Any CPU.Build.0 = Debug|Any CPU
		{C6051B23-61B1-427B-831A-AF15C5719DD1}.Release|Any CPU.ActiveCfg = Release|Any CPU
		{C6051B23-61B1-427B-831A-AF15C5719DD1}.Release|Any CPU.Build.0 = Release|Any CPU
	EndGlobalSection
	GlobalSection(SolutionProperties) = preSolution
		HideSolutionNode = FALSE
	EndGlobalSection
	GlobalSection(ExtensibilityGlobals) = postSolution
		SolutionGuid = {5D8443CB-ED16-4011-9884-DF2C4EDF8986}
	EndGlobalSection
EndGlobal
